
Microsoft Visual Studio Solution File, Format Version 12.00
# Visual Studio 15
VisualStudioVersion = 15.0.26730.3
MinimumVisualStudioVersion = 10.0.40219.1
Project("{9A19103F-16F7-4668-BE54-9A1E7A4F7556}") = "BeautySalon.WebService", "BeautySalon.WebService\BeautySalon.WebService.csproj", "{530335EA-8134-4E0B-B078-B376133C368B}"
EndProject
Project("{9A19103F-16F7-4668-BE54-9A1E7A4F7556}") = "BeautySalon.WebService.Bll", "BeautySalon.WebService.Bll\BeautySalon.WebService.Bll.csproj", "{DE066964-F5B1-4450-B350-BBB581C8EE43}"
EndProject
Project("{9A19103F-16F7-4668-BE54-9A1E7A4F7556}") = "BeautySalon.WebService.Dal", "BeautySalon.WebService.Dal\BeautySalon.WebService.Dal.csproj", "{5752E27F-7437-441D-B8EC-558C9C34894E}"
EndProject
Project("{9A19103F-16F7-4668-BE54-9A1E7A4F7556}") = "BeautySalon.WebService.Client", "BeautySalon.WebService.Client\BeautySalon.WebService.Client.csproj", "{326863B4-4AB3-45FB-BF1F-7FAE140E7FB7}"
EndProject
Project("{2150E333-8FDC-42A3-9474-1A3956D46DE8}") = "BeautySalon.WebService.Core", "BeautySalon.WebService.Core", "{CD0719FA-CEE7-433D-842C-CC42B54861F7}"
EndProject
Project("{9A19103F-16F7-4668-BE54-9A1E7A4F7556}") = "BeautySalon.WebService.Core.Bll", "BeautySalon.WebService.Core\BeautySalon.WebService.Core.Bll\BeautySalon.WebService.Core.Bll.csproj", "{DBB46363-7DB9-409C-8C7D-C7D2F83186E3}"
EndProject
Project("{9A19103F-16F7-4668-BE54-9A1E7A4F7556}") = "BeautySalon.WebService.Core.Dal", "BeautySalon.WebService.Core\BeautySalon.WebService.Core.Dal\BeautySalon.WebService.Core.Dal.csproj", "{90B01CA5-7DD3-433F-8672-FC6C7421AA9C}"
EndProject
Global
	GlobalSection(SolutionConfigurationPlatforms) = preSolution
		Debug|Any CPU = Debug|Any CPU
		Release|Any CPU = Release|Any CPU
	EndGlobalSection
	GlobalSection(ProjectConfigurationPlatforms) = postSolution
		{530335EA-8134-4E0B-B078-B376133C368B}.Debug|Any CPU.ActiveCfg = Debug|Any CPU
		{530335EA-8134-4E0B-B078-B376133C368B}.Debug|Any CPU.Build.0 = Debug|Any CPU
		{530335EA-8134-4E0B-B078-B376133C368B}.Release|Any CPU.ActiveCfg = Release|Any CPU
		{530335EA-8134-4E0B-B078-B376133C368B}.Release|Any CPU.Build.0 = Release|Any CPU
		{DE066964-F5B1-4450-B350-BBB581C8EE43}.Debug|Any CPU.ActiveCfg = Debug|Any CPU
		{DE066964-F5B1-4450-B350-BBB581C8EE43}.Debug|Any CPU.Build.0 = Debug|Any CPU
		{DE066964-F5B1-4450-B350-BBB581C8EE43}.Release|Any CPU.ActiveCfg = Release|Any CPU
		{DE066964-F5B1-4450-B350-BBB581C8EE43}.Release|Any CPU.Build.0 = Release|Any CPU
		{5752E27F-7437-441D-B8EC-558C9C34894E}.Debug|Any CPU.ActiveCfg = Debug|Any CPU
		{5752E27F-7437-441D-B8EC-558C9C34894E}.Debug|Any CPU.Build.0 = Debug|Any CPU
		{5752E27F-7437-441D-B8EC-558C9C34894E}.Release|Any CPU.ActiveCfg = Release|Any CPU
		{5752E27F-7437-441D-B8EC-558C9C34894E}.Release|Any CPU.Build.0 = Release|Any CPU
		{326863B4-4AB3-45FB-BF1F-7FAE140E7FB7}.Debug|Any CPU.ActiveCfg = Debug|Any CPU
		{326863B4-4AB3-45FB-BF1F-7FAE140E7FB7}.Debug|Any CPU.Build.0 = Debug|Any CPU
		{326863B4-4AB3-45FB-BF1F-7FAE140E7FB7}.Release|Any CPU.ActiveCfg = Release|Any CPU
		{326863B4-4AB3-45FB-BF1F-7FAE140E7FB7}.Release|Any CPU.Build.0 = Release|Any CPU
		{DBB46363-7DB9-409C-8C7D-C7D2F83186E3}.Debug|Any CPU.ActiveCfg = Debug|Any CPU
		{DBB46363-7DB9-409C-8C7D-C7D2F83186E3}.Debug|Any CPU.Build.0 = Debug|Any CPU
		{DBB46363-7DB9-409C-8C7D-C7D2F83186E3}.Release|Any CPU.ActiveCfg = Release|Any CPU
		{DBB46363-7DB9-409C-8C7D-C7D2F83186E3}.Release|Any CPU.Build.0 = Release|Any CPU
		{90B01CA5-7DD3-433F-8672-FC6C7421AA9C}.Debug|Any CPU.ActiveCfg = Debug|Any CPU
		{90B01CA5-7DD3-433F-8672-FC6C7421AA9C}.Debug|Any CPU.Build.0 = Debug|Any CPU
		{90B01CA5-7DD3-433F-8672-FC6C7421AA9C}.Release|Any CPU.ActiveCfg = Release|Any CPU
		{90B01CA5-7DD3-433F-8672-FC6C7421AA9C}.Release|Any CPU.Build.0 = Release|Any CPU
	EndGlobalSection
	GlobalSection(SolutionProperties) = preSolution
		HideSolutionNode = FALSE
	EndGlobalSection
	GlobalSection(NestedProjects) = preSolution
		{DBB46363-7DB9-409C-8C7D-C7D2F83186E3} = {CD0719FA-CEE7-433D-842C-CC42B54861F7}
		{90B01CA5-7DD3-433F-8672-FC6C7421AA9C} = {CD0719FA-CEE7-433D-842C-CC42B54861F7}
	EndGlobalSection
	GlobalSection(ExtensibilityGlobals) = postSolution
		SolutionGuid = {F6CA2601-DF44-4280-BC67-308DBBCE6982}
	EndGlobalSection
EndGlobal
